
Microsoft Visual Studio Solution File, Format Version 12.00
# Visual Studio 14
VisualStudioVersion = 14.0.24720.0
MinimumVisualStudioVersion = 10.0.40219.1
Project("{FAE04EC0-301F-11D3-BF4B-00C04F79EFBC}") = "ZB.DriveManager2", "ZB.DriveManager2\ZB.DriveManager2.csproj", "{CC663CC3-E35C-4D38-9F19-3117FD5AE1D5}"
EndProject
Project("{FAE04EC0-301F-11D3-BF4B-00C04F79EFBC}") = "ZB.OPCBus", "ZB.OPCBus\ZB.OPCBus.csproj", "{21AD1B07-7BD9-4696-8A4B-60ED5FD5067F}"
EndProject
Project("{FAE04EC0-301F-11D3-BF4B-00C04F79EFBC}") = "ZB.SqliteCommon", "ZB.SqliteCommon\ZB.SqliteCommon.csproj", "{4EE01612-F91D-49B2-99C6-12013268FE67}"
EndProject
Project("{FAE04EC0-301F-11D3-BF4B-00C04F79EFBC}") = "ZB.NlogHelper", "ZB.NlogHelper\ZB.NlogHelper.csproj", "{7F5B957F-ACFA-40FF-BE10-FA5AB1999695}"
EndProject
Project("{FAE04EC0-301F-11D3-BF4B-00C04F79EFBC}") = "ZB.ITCBus", "ZB.ITCBus\ZB.ITCBus.csproj", "{CD6DA530-A3F6-4D8A-9FE2-96C0FD00F324}"
EndProject
Project("{FAE04EC0-301F-11D3-BF4B-00C04F79EFBC}") = "ZB.UPSBus", "ZB.UPSBus\ZB.UPSBus.csproj", "{11A6F1DE-DDAD-4968-ADC0-75373049EE18}"
EndProject
Project("{FAE04EC0-301F-11D3-BF4B-00C04F79EFBC}") = "ZB.UDPBus", "ZB.UDPBus\ZB.UDPBus.csproj", "{00E0F952-2A77-4942-A5F1-0084C0F1ABA7}"
EndProject
Project("{FAE04EC0-301F-11D3-BF4B-00C04F79EFBC}") = "ZB.HKVideoBus", "ZB.HKVideoBus\ZB.HKVideoBus.csproj", "{C86498AC-ADA5-4E49-A0A8-58C805E4FF65}"
EndProject
Project("{FAE04EC0-301F-11D3-BF4B-00C04F79EFBC}") = "ZB.PKStationBus", "ZB.PKStationBus\ZB.PKStationBus.csproj", "{CA6ABCB4-BD55-4956-984A-7DA0151DF8DC}"
EndProject
Global
	GlobalSection(SolutionConfigurationPlatforms) = preSolution
		Debug|Any CPU = Debug|Any CPU
		Release|Any CPU = Release|Any CPU
	EndGlobalSection
	GlobalSection(ProjectConfigurationPlatforms) = postSolution
		{CC663CC3-E35C-4D38-9F19-3117FD5AE1D5}.Debug|Any CPU.ActiveCfg = Debug|Any CPU
		{CC663CC3-E35C-4D38-9F19-3117FD5AE1D5}.Debug|Any CPU.Build.0 = Debug|Any CPU
		{CC663CC3-E35C-4D38-9F19-3117FD5AE1D5}.Release|Any CPU.ActiveCfg = Release|Any CPU
		{CC663CC3-E35C-4D38-9F19-3117FD5AE1D5}.Release|Any CPU.Build.0 = Release|Any CPU
		{21AD1B07-7BD9-4696-8A4B-60ED5FD5067F}.Debug|Any CPU.ActiveCfg = Debug|Any CPU
		{21AD1B07-7BD9-4696-8A4B-60ED5FD5067F}.Debug|Any CPU.Build.0 = Debug|Any CPU
		{21AD1B07-7BD9-4696-8A4B-60ED5FD5067F}.Release|Any CPU.ActiveCfg = Release|Any CPU
		{21AD1B07-7BD9-4696-8A4B-60ED5FD5067F}.Release|Any CPU.Build.0 = Release|Any CPU
		{4EE01612-F91D-49B2-99C6-12013268FE67}.Debug|Any CPU.ActiveCfg = Debug|Any CPU
		{4EE01612-F91D-49B2-99C6-12013268FE67}.Debug|Any CPU.Build.0 = Debug|Any CPU
		{4EE01612-F91D-49B2-99C6-12013268FE67}.Release|Any CPU.ActiveCfg = Release|Any CPU
		{4EE01612-F91D-49B2-99C6-12013268FE67}.Release|Any CPU.Build.0 = Release|Any CPU
		{7F5B957F-ACFA-40FF-BE10-FA5AB1999695}.Debug|Any CPU.ActiveCfg = Debug|Any CPU
		{7F5B957F-ACFA-40FF-BE10-FA5AB1999695}.Debug|Any CPU.Build.0 = Debug|Any CPU
		{7F5B957F-ACFA-40FF-BE10-FA5AB1999695}.Release|Any CPU.ActiveCfg = Release|Any CPU
		{7F5B957F-ACFA-40FF-BE10-FA5AB1999695}.Release|Any CPU.Build.0 = Release|Any CPU
		{CD6DA530-A3F6-4D8A-9FE2-96C0FD00F324}.Debug|Any CPU.ActiveCfg = Debug|Any CPU
		{CD6DA530-A3F6-4D8A-9FE2-96C0FD00F324}.Debug|Any CPU.Build.0 = Debug|Any CPU
		{CD6DA530-A3F6-4D8A-9FE2-96C0FD00F324}.Release|Any CPU.ActiveCfg = Release|Any CPU
		{CD6DA530-A3F6-4D8A-9FE2-96C0FD00F324}.Release|Any CPU.Build.0 = Release|Any CPU
		{11A6F1DE-DDAD-4968-ADC0-75373049EE18}.Debug|Any CPU.ActiveCfg = Debug|Any CPU
		{11A6F1DE-DDAD-4968-ADC0-75373049EE18}.Debug|Any CPU.Build.0 = Debug|Any CPU
		{11A6F1DE-DDAD-4968-ADC0-75373049EE18}.Release|Any CPU.ActiveCfg = Release|Any CPU
		{11A6F1DE-DDAD-4968-ADC0-75373049EE18}.Release|Any CPU.Build.0 = Release|Any CPU
		{00E0F952-2A77-4942-A5F1-0084C0F1ABA7}.Debug|Any CPU.ActiveCfg = Debug|Any CPU
		{00E0F952-2A77-4942-A5F1-0084C0F1ABA7}.Debug|Any CPU.Build.0 = Debug|Any CPU
		{00E0F952-2A77-4942-A5F1-0084C0F1ABA7}.Release|Any CPU.ActiveCfg = Release|Any CPU
		{00E0F952-2A77-4942-A5F1-0084C0F1ABA7}.Release|Any CPU.Build.0 = Release|Any CPU
		{C86498AC-ADA5-4E49-A0A8-58C805E4FF65}.Debug|Any CPU.ActiveCfg = Debug|Any CPU
		{C86498AC-ADA5-4E49-A0A8-58C805E4FF65}.Debug|Any CPU.Build.0 = Debug|Any CPU
		{C86498AC-ADA5-4E49-A0A8-58C805E4FF65}.Release|Any CPU.ActiveCfg = Release|Any CPU
		{C86498AC-ADA5-4E49-A0A8-58C805E4FF65}.Release|Any CPU.Build.0 = Release|Any CPU
		{CA6ABCB4-BD55-4956-984A-7DA0151DF8DC}.Debug|Any CPU.ActiveCfg = Debug|Any CPU
		{CA6ABCB4-BD55-4956-984A-7DA0151DF8DC}.Debug|Any CPU.Build.0 = Debug|Any CPU
		{CA6ABCB4-BD55-4956-984A-7DA0151DF8DC}.Release|Any CPU.ActiveCfg = Release|Any CPU
		{CA6ABCB4-BD55-4956-984A-7DA0151DF8DC}.Release|Any CPU.Build.0 = Release|Any CPU
	EndGlobalSection
	GlobalSection(SolutionProperties) = preSolution
		HideSolutionNode = FALSE
	EndGlobalSection
EndGlobal
